schema: '2.0'
stages:
  instal_dependencies:
    cmd: pip install -r requirements.txt
  preprocess_data:
    cmd: python get_data.py && python preprocess_data.py
    deps:
    - path: get_data.py
      md5: a664a2515aa00bcf97c70a41c3b3d60b
      size: 194
    - path: preprocess_data.py
      md5: 2411846db52bb51a07ef799863ab1f0a
      size: 793
    outs:
    - path: data/preprocessed_data.csv
      md5: 087306a8c40d500f0f8714eb4363c1e6
      size: 85245714
  train:
    cmd: python train.py
    deps:
    - path: data/preprocessed_data.csv
      md5: 087306a8c40d500f0f8714eb4363c1e6
      size: 85245714
    - path: train.py
      md5: ac8a5aea1309eb556800df109113191f
      size: 1586
    outs:
    - path: metrics.json
      md5: 2c627e359251e0bcb958b6f302fe6f9f
      size: 63
  test_data:
    cmd: python test_data.py
    deps:
    - path: test_data.py
      md5: d6939958728186b9d6b7f605909a45fb
      size: 2321
  test_model:
    cmd: python test_model.py
    deps:
    - path: test_model.py
      md5: 0f9db0dbca6696d2995d77b8dfbdd460
      size: 1062
